
Microsoft Visual Studio Solution File, Format Version 12.00
# Visual Studio 15
VisualStudioVersion = 15.0.26127.0
MinimumVisualStudioVersion = 10.0.40219.1
Project("{FAE04EC0-301F-11D3-BF4B-00C04F79EFBC}") = "WebAppContainer", "WebAppContainer\WebAppContainer.csproj", "{2DC749A4-0CBF-4D4F-9A80-34CA1C4B3DA0}"
EndProject
Project("{E53339B2-1760-4266-BCC7-CA923CBCF16C}") = "docker-compose", "docker-compose.dcproj", "{A32AEAC7-B9B8-4BF0-B1CE-495EA2D8E853}"
EndProject
Global
	GlobalSection(SolutionConfigurationPlatforms) = preSolution
		Debug|Any CPU = Debug|Any CPU
		Debug|x64 = Debug|x64
		Debug|x86 = Debug|x86
		Release|Any CPU = Release|Any CPU
		Release|x64 = Release|x64
		Release|x86 = Release|x86
	EndGlobalSection
	GlobalSection(ProjectConfigurationPlatforms) = postSolution
		{2DC749A4-0CBF-4D4F-9A80-34CA1C4B3DA0}.Debug|Any CPU.ActiveCfg = Debug|Any CPU
		{2DC749A4-0CBF-4D4F-9A80-34CA1C4B3DA0}.Debug|Any CPU.Build.0 = Debug|Any CPU
		{2DC749A4-0CBF-4D4F-9A80-34CA1C4B3DA0}.Debug|x64.ActiveCfg = Debug|x64
		{2DC749A4-0CBF-4D4F-9A80-34CA1C4B3DA0}.Debug|x64.Build.0 = Debug|x64
		{2DC749A4-0CBF-4D4F-9A80-34CA1C4B3DA0}.Debug|x86.ActiveCfg = Debug|x86
		{2DC749A4-0CBF-4D4F-9A80-34CA1C4B3DA0}.Debug|x86.Build.0 = Debug|x86
		{2DC749A4-0CBF-4D4F-9A80-34CA1C4B3DA0}.Release|Any CPU.ActiveCfg = Release|Any CPU
		{2DC749A4-0CBF-4D4F-9A80-34CA1C4B3DA0}.Release|Any CPU.Build.0 = Release|Any CPU
		{2DC749A4-0CBF-4D4F-9A80-34CA1C4B3DA0}.Release|x64.ActiveCfg = Release|x64
		{2DC749A4-0CBF-4D4F-9A80-34CA1C4B3DA0}.Release|x64.Build.0 = Release|x64
		{2DC749A4-0CBF-4D4F-9A80-34CA1C4B3DA0}.Release|x86.ActiveCfg = Release|x86
		{2DC749A4-0CBF-4D4F-9A80-34CA1C4B3DA0}.Release|x86.Build.0 = Release|x86
		{A32AEAC7-B9B8-4BF0-B1CE-495EA2D8E853}.Debug|Any CPU.ActiveCfg = Debug|Any CPU
		{A32AEAC7-B9B8-4BF0-B1CE-495EA2D8E853}.Debug|Any CPU.Build.0 = Debug|Any CPU
		{A32AEAC7-B9B8-4BF0-B1CE-495EA2D8E853}.Debug|x64.ActiveCfg = Debug|Any CPU
		{A32AEAC7-B9B8-4BF0-B1CE-495EA2D8E853}.Debug|x64.Build.0 = Debug|Any CPU
		{A32AEAC7-B9B8-4BF0-B1CE-495EA2D8E853}.Debug|x86.ActiveCfg = Debug|Any CPU
		{A32AEAC7-B9B8-4BF0-B1CE-495EA2D8E853}.Debug|x86.Build.0 = Debug|Any CPU
		{A32AEAC7-B9B8-4BF0-B1CE-495EA2D8E853}.Release|Any CPU.ActiveCfg = Release|Any CPU
		{A32AEAC7-B9B8-4BF0-B1CE-495EA2D8E853}.Release|Any CPU.Build.0 = Release|Any CPU
		{A32AEAC7-B9B8-4BF0-B1CE-495EA2D8E853}.Release|x64.ActiveCfg = Release|Any CPU
		{A32AEAC7-B9B8-4BF0-B1CE-495EA2D8E853}.Release|x64.Build.0 = Release|Any CPU
		{A32AEAC7-B9B8-4BF0-B1CE-495EA2D8E853}.Release|x86.ActiveCfg = Release|Any CPU
		{A32AEAC7-B9B8-4BF0-B1CE-495EA2D8E853}.Release|x86.Build.0 = Release|Any CPU
	EndGlobalSection
	GlobalSection(SolutionProperties) = preSolution
		HideSolutionNode = FALSE
	EndGlobalSection
EndGlobal
